
Microsoft Visual Studio Solution File, Format Version 12.00
# Visual Studio Version 17
VisualStudioVersion = 17.9.34728.123
MinimumVisualStudioVersion = 10.0.40219.1
Project("{FAE04EC0-301F-11D3-BF4B-00C04F79EFBC}") = "ConsoleHolaMundo", "ConsoleHolaMundo.csproj", "{F1E6404A-B930-4735-A1A8-209A6F649B24}"
EndProject
Global
	GlobalSection(SolutionConfigurationPlatforms) = preSolution
		Debug|Any CPU = Debug|Any CPU
		Release|Any CPU = Release|Any CPU
	EndGlobalSection
	GlobalSection(ProjectConfigurationPlatforms) = postSolution
		{F1E6404A-B930-4735-A1A8-209A6F649B24}.Debug|Any CPU.ActiveCfg = Debug|Any CPU
		{F1E6404A-B930-4735-A1A8-209A6F649B24}.Debug|Any CPU.Build.0 = Debug|Any CPU
		{F1E6404A-B930-4735-A1A8-209A6F649B24}.Release|Any CPU.ActiveCfg = Release|Any CPU
		{F1E6404A-B930-4735-A1A8-209A6F649B24}.Release|Any CPU.Build.0 = Release|Any CPU
	EndGlobalSection
	GlobalSection(SolutionProperties) = preSolution
		HideSolutionNode = FALSE
	EndGlobalSection
	GlobalSection(ExtensibilityGlobals) = postSolution
		SolutionGuid = {F3F5A0FE-F68D-42BC-B6F0-78274A50DFC6}
	EndGlobalSection
EndGlobal
